
Microsoft Visual Studio Solution File, Format Version 12.00
# Visual Studio Version 17
VisualStudioVersion = 17.1.32421.90
MinimumVisualStudioVersion = 10.0.40219.1
Project("{888888A0-9F3D-457C-B088-3A5042F75D52}") = "Hamida", "Hamida\Hamida.pyproj", "{9032056C-9368-4862-8FF6-534186B98904}"
EndProject
Global
	GlobalSection(SolutionConfigurationPlatforms) = preSolution
		Debug|Any CPU = Debug|Any CPU
		Release|Any CPU = Release|Any CPU
	EndGlobalSection
	GlobalSection(ProjectConfigurationPlatforms) = postSolution
		{9032056C-9368-4862-8FF6-534186B98904}.Debug|Any CPU.ActiveCfg = Debug|Any CPU
		{9032056C-9368-4862-8FF6-534186B98904}.Release|Any CPU.ActiveCfg = Release|Any CPU
	EndGlobalSection
	GlobalSection(SolutionProperties) = preSolution
		HideSolutionNode = FALSE
	EndGlobalSection
	GlobalSection(ExtensibilityGlobals) = postSolution
		SolutionGuid = {AB7698BA-9917-44E6-B7A2-B4F8D99DD083}
	EndGlobalSection
EndGlobal
